
Microsoft Visual Studio Solution File, Format Version 12.00
# Visual Studio Version 16
VisualStudioVersion = 16.0.29613.14
MinimumVisualStudioVersion = 15.0.26124.0
Project("{9A19103F-16F7-4668-BE54-9A1E7A4F7556}") = "FileCabinetApp", "FileCabinetApp\FileCabinetApp.csproj", "{B9D6B7E5-8925-4BC2-B680-A143851B4024}"
EndProject
Project("{FAE04EC0-301F-11D3-BF4B-00C04F79EFBC}") = "FileCabinetGenerator", "FileCabinetGenerator\FileCabinetGenerator.csproj", "{FFF52CDF-9087-428A-9053-49FB6C2A5F3D}"
EndProject
Global
	GlobalSection(SolutionConfigurationPlatforms) = preSolution
		Debug|Any CPU = Debug|Any CPU
		Debug|x64 = Debug|x64
		Debug|x86 = Debug|x86
		Release|Any CPU = Release|Any CPU
		Release|x64 = Release|x64
		Release|x86 = Release|x86
	EndGlobalSection
	GlobalSection(ProjectConfigurationPlatforms) = postSolution
		{B9D6B7E5-8925-4BC2-B680-A143851B4024}.Debug|Any CPU.ActiveCfg = Debug|Any CPU
		{B9D6B7E5-8925-4BC2-B680-A143851B4024}.Debug|Any CPU.Build.0 = Debug|Any CPU
		{B9D6B7E5-8925-4BC2-B680-A143851B4024}.Debug|x64.ActiveCfg = Debug|Any CPU
		{B9D6B7E5-8925-4BC2-B680-A143851B4024}.Debug|x64.Build.0 = Debug|Any CPU
		{B9D6B7E5-8925-4BC2-B680-A143851B4024}.Debug|x86.ActiveCfg = Debug|Any CPU
		{B9D6B7E5-8925-4BC2-B680-A143851B4024}.Debug|x86.Build.0 = Debug|Any CPU
		{B9D6B7E5-8925-4BC2-B680-A143851B4024}.Release|Any CPU.ActiveCfg = Release|Any CPU
		{B9D6B7E5-8925-4BC2-B680-A143851B4024}.Release|Any CPU.Build.0 = Release|Any CPU
		{B9D6B7E5-8925-4BC2-B680-A143851B4024}.Release|x64.ActiveCfg = Release|Any CPU
		{B9D6B7E5-8925-4BC2-B680-A143851B4024}.Release|x64.Build.0 = Release|Any CPU
		{B9D6B7E5-8925-4BC2-B680-A143851B4024}.Release|x86.ActiveCfg = Release|Any CPU
		{B9D6B7E5-8925-4BC2-B680-A143851B4024}.Release|x86.Build.0 = Release|Any CPU
		{FFF52CDF-9087-428A-9053-49FB6C2A5F3D}.Debug|Any CPU.ActiveCfg = Debug|Any CPU
		{FFF52CDF-9087-428A-9053-49FB6C2A5F3D}.Debug|Any CPU.Build.0 = Debug|Any CPU
		{FFF52CDF-9087-428A-9053-49FB6C2A5F3D}.Debug|x64.ActiveCfg = Debug|Any CPU
		{FFF52CDF-9087-428A-9053-49FB6C2A5F3D}.Debug|x64.Build.0 = Debug|Any CPU
		{FFF52CDF-9087-428A-9053-49FB6C2A5F3D}.Debug|x86.ActiveCfg = Debug|Any CPU
		{FFF52CDF-9087-428A-9053-49FB6C2A5F3D}.Debug|x86.Build.0 = Debug|Any CPU
		{FFF52CDF-9087-428A-9053-49FB6C2A5F3D}.Release|Any CPU.ActiveCfg = Release|Any CPU
		{FFF52CDF-9087-428A-9053-49FB6C2A5F3D}.Release|Any CPU.Build.0 = Release|Any CPU
		{FFF52CDF-9087-428A-9053-49FB6C2A5F3D}.Release|x64.ActiveCfg = Release|Any CPU
		{FFF52CDF-9087-428A-9053-49FB6C2A5F3D}.Release|x64.Build.0 = Release|Any CPU
		{FFF52CDF-9087-428A-9053-49FB6C2A5F3D}.Release|x86.ActiveCfg = Release|Any CPU
		{FFF52CDF-9087-428A-9053-49FB6C2A5F3D}.Release|x86.Build.0 = Release|Any CPU
	EndGlobalSection
	GlobalSection(SolutionProperties) = preSolution
		HideSolutionNode = FALSE
	EndGlobalSection
	GlobalSection(ExtensibilityGlobals) = postSolution
		SolutionGuid = {E7857345-38F1-402B-917B-C1CBB66B8900}
	EndGlobalSection
EndGlobal
